{
  "version": 4,
  "terraform_version": "1.10.0",
  "serial": 47,
  "lineage": "66f24f5e-304e-3987-7cda-e0cd070f39c3",
  "outputs": {},
  "resources": [
    {
      "mode": "managed",
      "type": "gitlab_group",
      "name": "esd",
      "provider": "provider[\"registry.terraform.io/gitlabhq/gitlab\"]",
      "instances": [
        {
          "schema_version": 0,
          "attributes": {
            "auto_devops_enabled": false,
            "avatar": null,
            "avatar_hash": null,
            "avatar_url": "",
            "default_branch": "",
            "default_branch_protection": 2,
            "default_branch_protection_defaults": [
              {
                "allow_force_push": false,
                "allowed_to_merge": [
                  "maintainer"
                ],
                "allowed_to_push": [
                  "maintainer"
                ],
                "developer_can_initial_push": false
              }
            ],
            "description": "esd-group",
            "emails_enabled": true,
            "extra_shared_runners_minutes_limit": 0,
            "full_name": "esd",
            "full_path": "esd",
            "id": "5",
            "ip_restriction_ranges": [],
            "lfs_enabled": true,
            "membership_lock": false,
            "mentions_disabled": false,
            "name": "esd",
            "parent_id": 0,
            "path": "esd",
            "permanently_remove_on_delete": false,
            "prevent_forking_outside_group": false,
            "project_creation_level": "maintainer",
            "push_rules": [],
            "request_access_enabled": true,
            "require_two_factor_authentication": false,
            "runners_token": "GR1348941JoPMQEBowmUzd7orFqeG",
            "share_with_group_lock": false,
            "shared_runners_minutes_limit": 0,
            "shared_runners_setting": "enabled",
            "subgroup_creation_level": "maintainer",
            "two_factor_grace_period": 48,
            "visibility_level": "private",
            "web_url": "http://121b978b89bd/groups/esd",
            "wiki_access_level": ""
          },
          "sensitive_attributes": [
            [
              {
                "type": "get_attr",
                "value": "runners_token"
              }
            ]
          ],
          "private": "bnVsbA=="
        }
      ]
    }
  ],
  "check_results": null
}
